
Microsoft Visual Studio Solution File, Format Version 12.00
# Visual Studio Version 17
VisualStudioVersion = 17.9.34728.123
MinimumVisualStudioVersion = 10.0.40219.1
Project("{FAE04EC0-301F-11D3-BF4B-00C04F79EFBC}") = "Bai75", "Bai75\Bai75.csproj", "{CC9FEC3B-D105-4B3A-B02B-3FA1A8B61E66}"
EndProject
Global
	GlobalSection(SolutionConfigurationPlatforms) = preSolution
		Debug|Any CPU = Debug|Any CPU
		Release|Any CPU = Release|Any CPU
	EndGlobalSection
	GlobalSection(ProjectConfigurationPlatforms) = postSolution
		{CC9FEC3B-D105-4B3A-B02B-3FA1A8B61E66}.Debug|Any CPU.ActiveCfg = Debug|Any CPU
		{CC9FEC3B-D105-4B3A-B02B-3FA1A8B61E66}.Debug|Any CPU.Build.0 = Debug|Any CPU
		{CC9FEC3B-D105-4B3A-B02B-3FA1A8B61E66}.Release|Any CPU.ActiveCfg = Release|Any CPU
		{CC9FEC3B-D105-4B3A-B02B-3FA1A8B61E66}.Release|Any CPU.Build.0 = Release|Any CPU
	EndGlobalSection
	GlobalSection(SolutionProperties) = preSolution
		HideSolutionNode = FALSE
	EndGlobalSection
	GlobalSection(ExtensibilityGlobals) = postSolution
		SolutionGuid = {F116F6AC-73F7-4707-933B-0051A9F54461}
	EndGlobalSection
EndGlobal
