
Microsoft Visual Studio Solution File, Format Version 12.00
# Visual Studio Version 17
VisualStudioVersion = 17.9.34728.123
MinimumVisualStudioVersion = 10.0.40219.1
Project("{FAE04EC0-301F-11D3-BF4B-00C04F79EFBC}") = "Bai22", "Bai22\Bai22.csproj", "{2327457B-A3FE-4676-914D-77FBC40F3687}"
EndProject
Global
	GlobalSection(SolutionConfigurationPlatforms) = preSolution
		Debug|Any CPU = Debug|Any CPU
		Release|Any CPU = Release|Any CPU
	EndGlobalSection
	GlobalSection(ProjectConfigurationPlatforms) = postSolution
		{2327457B-A3FE-4676-914D-77FBC40F3687}.Debug|Any CPU.ActiveCfg = Debug|Any CPU
		{2327457B-A3FE-4676-914D-77FBC40F3687}.Debug|Any CPU.Build.0 = Debug|Any CPU
		{2327457B-A3FE-4676-914D-77FBC40F3687}.Release|Any CPU.ActiveCfg = Release|Any CPU
		{2327457B-A3FE-4676-914D-77FBC40F3687}.Release|Any CPU.Build.0 = Release|Any CPU
	EndGlobalSection
	GlobalSection(SolutionProperties) = preSolution
		HideSolutionNode = FALSE
	EndGlobalSection
	GlobalSection(ExtensibilityGlobals) = postSolution
		SolutionGuid = {B1C38A6A-0A52-4595-B5A5-42A1F971F3B1}
	EndGlobalSection
EndGlobal
