
Microsoft Visual Studio Solution File, Format Version 12.00
# Visual Studio Version 17
VisualStudioVersion = 17.9.34728.123
MinimumVisualStudioVersion = 10.0.40219.1
Project("{FAE04EC0-301F-11D3-BF4B-00C04F79EFBC}") = "Bai27", "Bai27\Bai27.csproj", "{CCC480D1-3E54-4F33-B329-14A9709F7A03}"
EndProject
Global
	GlobalSection(SolutionConfigurationPlatforms) = preSolution
		Debug|Any CPU = Debug|Any CPU
		Release|Any CPU = Release|Any CPU
	EndGlobalSection
	GlobalSection(ProjectConfigurationPlatforms) = postSolution
		{CCC480D1-3E54-4F33-B329-14A9709F7A03}.Debug|Any CPU.ActiveCfg = Debug|Any CPU
		{CCC480D1-3E54-4F33-B329-14A9709F7A03}.Debug|Any CPU.Build.0 = Debug|Any CPU
		{CCC480D1-3E54-4F33-B329-14A9709F7A03}.Release|Any CPU.ActiveCfg = Release|Any CPU
		{CCC480D1-3E54-4F33-B329-14A9709F7A03}.Release|Any CPU.Build.0 = Release|Any CPU
	EndGlobalSection
	GlobalSection(SolutionProperties) = preSolution
		HideSolutionNode = FALSE
	EndGlobalSection
	GlobalSection(ExtensibilityGlobals) = postSolution
		SolutionGuid = {77370F17-342A-4105-B0F6-ABF39A26A85C}
	EndGlobalSection
EndGlobal
