
Microsoft Visual Studio Solution File, Format Version 12.00
# Visual Studio Version 17
VisualStudioVersion = 17.9.34728.123
MinimumVisualStudioVersion = 10.0.40219.1
Project("{FAE04EC0-301F-11D3-BF4B-00C04F79EFBC}") = "Bai14", "Bai14\Bai14.csproj", "{2163E60E-765B-4ED7-B97B-68C94FC40FF3}"
EndProject
Global
	GlobalSection(SolutionConfigurationPlatforms) = preSolution
		Debug|Any CPU = Debug|Any CPU
		Release|Any CPU = Release|Any CPU
	EndGlobalSection
	GlobalSection(ProjectConfigurationPlatforms) = postSolution
		{2163E60E-765B-4ED7-B97B-68C94FC40FF3}.Debug|Any CPU.ActiveCfg = Debug|Any CPU
		{2163E60E-765B-4ED7-B97B-68C94FC40FF3}.Debug|Any CPU.Build.0 = Debug|Any CPU
		{2163E60E-765B-4ED7-B97B-68C94FC40FF3}.Release|Any CPU.ActiveCfg = Release|Any CPU
		{2163E60E-765B-4ED7-B97B-68C94FC40FF3}.Release|Any CPU.Build.0 = Release|Any CPU
	EndGlobalSection
	GlobalSection(SolutionProperties) = preSolution
		HideSolutionNode = FALSE
	EndGlobalSection
	GlobalSection(ExtensibilityGlobals) = postSolution
		SolutionGuid = {020142E5-2B4C-46C7-8294-0ED10A8F61B8}
	EndGlobalSection
EndGlobal
