
Microsoft Visual Studio Solution File, Format Version 12.00
# Visual Studio Version 17
VisualStudioVersion = 17.9.34728.123
MinimumVisualStudioVersion = 10.0.40219.1
Project("{FAE04EC0-301F-11D3-BF4B-00C04F79EFBC}") = "bai3", "bai3\bai3.csproj", "{1C5AAF53-5682-4A79-A31F-971F8638EE2E}"
EndProject
Global
	GlobalSection(SolutionConfigurationPlatforms) = preSolution
		Debug|Any CPU = Debug|Any CPU
		Release|Any CPU = Release|Any CPU
	EndGlobalSection
	GlobalSection(ProjectConfigurationPlatforms) = postSolution
		{1C5AAF53-5682-4A79-A31F-971F8638EE2E}.Debug|Any CPU.ActiveCfg = Debug|Any CPU
		{1C5AAF53-5682-4A79-A31F-971F8638EE2E}.Debug|Any CPU.Build.0 = Debug|Any CPU
		{1C5AAF53-5682-4A79-A31F-971F8638EE2E}.Release|Any CPU.ActiveCfg = Release|Any CPU
		{1C5AAF53-5682-4A79-A31F-971F8638EE2E}.Release|Any CPU.Build.0 = Release|Any CPU
	EndGlobalSection
	GlobalSection(SolutionProperties) = preSolution
		HideSolutionNode = FALSE
	EndGlobalSection
	GlobalSection(ExtensibilityGlobals) = postSolution
		SolutionGuid = {90DA83AA-FCFC-4DBC-AE90-C92F76CF741F}
	EndGlobalSection
EndGlobal
