
Microsoft Visual Studio Solution File, Format Version 12.00
# Visual Studio Version 17
VisualStudioVersion = 17.9.34728.123
MinimumVisualStudioVersion = 10.0.40219.1
Project("{FAE04EC0-301F-11D3-BF4B-00C04F79EFBC}") = "Bai40", "Bai40\Bai40.csproj", "{82C6B91C-FAEE-4345-B774-65AE31E49730}"
EndProject
Global
	GlobalSection(SolutionConfigurationPlatforms) = preSolution
		Debug|Any CPU = Debug|Any CPU
		Release|Any CPU = Release|Any CPU
	EndGlobalSection
	GlobalSection(ProjectConfigurationPlatforms) = postSolution
		{82C6B91C-FAEE-4345-B774-65AE31E49730}.Debug|Any CPU.ActiveCfg = Debug|Any CPU
		{82C6B91C-FAEE-4345-B774-65AE31E49730}.Debug|Any CPU.Build.0 = Debug|Any CPU
		{82C6B91C-FAEE-4345-B774-65AE31E49730}.Release|Any CPU.ActiveCfg = Release|Any CPU
		{82C6B91C-FAEE-4345-B774-65AE31E49730}.Release|Any CPU.Build.0 = Release|Any CPU
	EndGlobalSection
	GlobalSection(SolutionProperties) = preSolution
		HideSolutionNode = FALSE
	EndGlobalSection
	GlobalSection(ExtensibilityGlobals) = postSolution
		SolutionGuid = {A7F0059B-019E-46D6-8527-3FE9C8F839EB}
	EndGlobalSection
EndGlobal
