
Microsoft Visual Studio Solution File, Format Version 12.00
# Visual Studio Version 17
VisualStudioVersion = 17.9.34728.123
MinimumVisualStudioVersion = 10.0.40219.1
Project("{FAE04EC0-301F-11D3-BF4B-00C04F79EFBC}") = "Bai69", "Bai69\Bai69.csproj", "{018185C4-5FE7-4555-B3F4-E03297E2DFFB}"
EndProject
Global
	GlobalSection(SolutionConfigurationPlatforms) = preSolution
		Debug|Any CPU = Debug|Any CPU
		Release|Any CPU = Release|Any CPU
	EndGlobalSection
	GlobalSection(ProjectConfigurationPlatforms) = postSolution
		{018185C4-5FE7-4555-B3F4-E03297E2DFFB}.Debug|Any CPU.ActiveCfg = Debug|Any CPU
		{018185C4-5FE7-4555-B3F4-E03297E2DFFB}.Debug|Any CPU.Build.0 = Debug|Any CPU
		{018185C4-5FE7-4555-B3F4-E03297E2DFFB}.Release|Any CPU.ActiveCfg = Release|Any CPU
		{018185C4-5FE7-4555-B3F4-E03297E2DFFB}.Release|Any CPU.Build.0 = Release|Any CPU
	EndGlobalSection
	GlobalSection(SolutionProperties) = preSolution
		HideSolutionNode = FALSE
	EndGlobalSection
	GlobalSection(ExtensibilityGlobals) = postSolution
		SolutionGuid = {0E1F9DE9-0EA1-4343-8152-D641E85CE7E5}
	EndGlobalSection
EndGlobal
