
Microsoft Visual Studio Solution File, Format Version 12.00
# Visual Studio Version 17
VisualStudioVersion = 17.9.34728.123
MinimumVisualStudioVersion = 10.0.40219.1
Project("{FAE04EC0-301F-11D3-BF4B-00C04F79EFBC}") = "Bai99", "Bai99\Bai99.csproj", "{14605338-31BD-42EB-83A1-E5B2B543A037}"
EndProject
Global
	GlobalSection(SolutionConfigurationPlatforms) = preSolution
		Debug|Any CPU = Debug|Any CPU
		Release|Any CPU = Release|Any CPU
	EndGlobalSection
	GlobalSection(ProjectConfigurationPlatforms) = postSolution
		{14605338-31BD-42EB-83A1-E5B2B543A037}.Debug|Any CPU.ActiveCfg = Debug|Any CPU
		{14605338-31BD-42EB-83A1-E5B2B543A037}.Debug|Any CPU.Build.0 = Debug|Any CPU
		{14605338-31BD-42EB-83A1-E5B2B543A037}.Release|Any CPU.ActiveCfg = Release|Any CPU
		{14605338-31BD-42EB-83A1-E5B2B543A037}.Release|Any CPU.Build.0 = Release|Any CPU
	EndGlobalSection
	GlobalSection(SolutionProperties) = preSolution
		HideSolutionNode = FALSE
	EndGlobalSection
	GlobalSection(ExtensibilityGlobals) = postSolution
		SolutionGuid = {322D96F6-BA6D-4626-BBBF-7D60DB19915E}
	EndGlobalSection
EndGlobal
