
Microsoft Visual Studio Solution File, Format Version 12.00
# Visual Studio Version 17
VisualStudioVersion = 17.9.34728.123
MinimumVisualStudioVersion = 10.0.40219.1
Project("{FAE04EC0-301F-11D3-BF4B-00C04F79EFBC}") = "Bai66", "Bai66\Bai66.csproj", "{B82CA7E9-F1C2-44D1-870B-EA53778055AF}"
EndProject
Global
	GlobalSection(SolutionConfigurationPlatforms) = preSolution
		Debug|Any CPU = Debug|Any CPU
		Release|Any CPU = Release|Any CPU
	EndGlobalSection
	GlobalSection(ProjectConfigurationPlatforms) = postSolution
		{B82CA7E9-F1C2-44D1-870B-EA53778055AF}.Debug|Any CPU.ActiveCfg = Debug|Any CPU
		{B82CA7E9-F1C2-44D1-870B-EA53778055AF}.Debug|Any CPU.Build.0 = Debug|Any CPU
		{B82CA7E9-F1C2-44D1-870B-EA53778055AF}.Release|Any CPU.ActiveCfg = Release|Any CPU
		{B82CA7E9-F1C2-44D1-870B-EA53778055AF}.Release|Any CPU.Build.0 = Release|Any CPU
	EndGlobalSection
	GlobalSection(SolutionProperties) = preSolution
		HideSolutionNode = FALSE
	EndGlobalSection
	GlobalSection(ExtensibilityGlobals) = postSolution
		SolutionGuid = {630ABFD7-F6C2-48F0-A097-847BFAC88DC8}
	EndGlobalSection
EndGlobal
