
Microsoft Visual Studio Solution File, Format Version 12.00
# Visual Studio Version 17
VisualStudioVersion = 17.9.34728.123
MinimumVisualStudioVersion = 10.0.40219.1
Project("{FAE04EC0-301F-11D3-BF4B-00C04F79EFBC}") = "Bai18", "Bai18\Bai18.csproj", "{98412D39-E4AD-495E-B03F-BA9729D917C9}"
EndProject
Global
	GlobalSection(SolutionConfigurationPlatforms) = preSolution
		Debug|Any CPU = Debug|Any CPU
		Release|Any CPU = Release|Any CPU
	EndGlobalSection
	GlobalSection(ProjectConfigurationPlatforms) = postSolution
		{98412D39-E4AD-495E-B03F-BA9729D917C9}.Debug|Any CPU.ActiveCfg = Debug|Any CPU
		{98412D39-E4AD-495E-B03F-BA9729D917C9}.Debug|Any CPU.Build.0 = Debug|Any CPU
		{98412D39-E4AD-495E-B03F-BA9729D917C9}.Release|Any CPU.ActiveCfg = Release|Any CPU
		{98412D39-E4AD-495E-B03F-BA9729D917C9}.Release|Any CPU.Build.0 = Release|Any CPU
	EndGlobalSection
	GlobalSection(SolutionProperties) = preSolution
		HideSolutionNode = FALSE
	EndGlobalSection
	GlobalSection(ExtensibilityGlobals) = postSolution
		SolutionGuid = {DD8EB00F-6D76-4A95-8582-FF5F12CCAAFE}
	EndGlobalSection
EndGlobal
