
Microsoft Visual Studio Solution File, Format Version 12.00
# Visual Studio Version 17
VisualStudioVersion = 17.9.34728.123
MinimumVisualStudioVersion = 10.0.40219.1
Project("{FAE04EC0-301F-11D3-BF4B-00C04F79EFBC}") = "Bai59", "Bai59\Bai59.csproj", "{FED27F0F-2DED-4D6C-9B6A-24C313B7C6C5}"
EndProject
Global
	GlobalSection(SolutionConfigurationPlatforms) = preSolution
		Debug|Any CPU = Debug|Any CPU
		Release|Any CPU = Release|Any CPU
	EndGlobalSection
	GlobalSection(ProjectConfigurationPlatforms) = postSolution
		{FED27F0F-2DED-4D6C-9B6A-24C313B7C6C5}.Debug|Any CPU.ActiveCfg = Debug|Any CPU
		{FED27F0F-2DED-4D6C-9B6A-24C313B7C6C5}.Debug|Any CPU.Build.0 = Debug|Any CPU
		{FED27F0F-2DED-4D6C-9B6A-24C313B7C6C5}.Release|Any CPU.ActiveCfg = Release|Any CPU
		{FED27F0F-2DED-4D6C-9B6A-24C313B7C6C5}.Release|Any CPU.Build.0 = Release|Any CPU
	EndGlobalSection
	GlobalSection(SolutionProperties) = preSolution
		HideSolutionNode = FALSE
	EndGlobalSection
	GlobalSection(ExtensibilityGlobals) = postSolution
		SolutionGuid = {388E3687-5B82-45C0-9F45-0A8398724B60}
	EndGlobalSection
EndGlobal
