
Microsoft Visual Studio Solution File, Format Version 12.00
# Visual Studio Version 17
VisualStudioVersion = 17.9.34728.123
MinimumVisualStudioVersion = 10.0.40219.1
Project("{FAE04EC0-301F-11D3-BF4B-00C04F79EFBC}") = "Bai51", "Bai51\Bai51.csproj", "{793CAD71-4E61-4F85-AAE7-7D873495B08A}"
EndProject
Global
	GlobalSection(SolutionConfigurationPlatforms) = preSolution
		Debug|Any CPU = Debug|Any CPU
		Release|Any CPU = Release|Any CPU
	EndGlobalSection
	GlobalSection(ProjectConfigurationPlatforms) = postSolution
		{793CAD71-4E61-4F85-AAE7-7D873495B08A}.Debug|Any CPU.ActiveCfg = Debug|Any CPU
		{793CAD71-4E61-4F85-AAE7-7D873495B08A}.Debug|Any CPU.Build.0 = Debug|Any CPU
		{793CAD71-4E61-4F85-AAE7-7D873495B08A}.Release|Any CPU.ActiveCfg = Release|Any CPU
		{793CAD71-4E61-4F85-AAE7-7D873495B08A}.Release|Any CPU.Build.0 = Release|Any CPU
	EndGlobalSection
	GlobalSection(SolutionProperties) = preSolution
		HideSolutionNode = FALSE
	EndGlobalSection
	GlobalSection(ExtensibilityGlobals) = postSolution
		SolutionGuid = {B8954905-9ECB-4472-AE70-A6E58FB7C534}
	EndGlobalSection
EndGlobal
