
Microsoft Visual Studio Solution File, Format Version 12.00
# Visual Studio Version 17
VisualStudioVersion = 17.9.34728.123
MinimumVisualStudioVersion = 10.0.40219.1
Project("{FAE04EC0-301F-11D3-BF4B-00C04F79EFBC}") = "Bai25", "Bai25\Bai25.csproj", "{EE5CEDD9-D412-4CBC-B02B-0110D0216649}"
EndProject
Global
	GlobalSection(SolutionConfigurationPlatforms) = preSolution
		Debug|Any CPU = Debug|Any CPU
		Release|Any CPU = Release|Any CPU
	EndGlobalSection
	GlobalSection(ProjectConfigurationPlatforms) = postSolution
		{EE5CEDD9-D412-4CBC-B02B-0110D0216649}.Debug|Any CPU.ActiveCfg = Debug|Any CPU
		{EE5CEDD9-D412-4CBC-B02B-0110D0216649}.Debug|Any CPU.Build.0 = Debug|Any CPU
		{EE5CEDD9-D412-4CBC-B02B-0110D0216649}.Release|Any CPU.ActiveCfg = Release|Any CPU
		{EE5CEDD9-D412-4CBC-B02B-0110D0216649}.Release|Any CPU.Build.0 = Release|Any CPU
	EndGlobalSection
	GlobalSection(SolutionProperties) = preSolution
		HideSolutionNode = FALSE
	EndGlobalSection
	GlobalSection(ExtensibilityGlobals) = postSolution
		SolutionGuid = {6F8CF823-E0C2-4B94-A796-B3A4D54E798B}
	EndGlobalSection
EndGlobal
