
Microsoft Visual Studio Solution File, Format Version 12.00
# Visual Studio Version 17
VisualStudioVersion = 17.9.34728.123
MinimumVisualStudioVersion = 10.0.40219.1
Project("{FAE04EC0-301F-11D3-BF4B-00C04F79EFBC}") = "Bai91", "Bai91\Bai91.csproj", "{E78DE79A-68BC-44A6-9EA6-D7F537DAFA7E}"
EndProject
Global
	GlobalSection(SolutionConfigurationPlatforms) = preSolution
		Debug|Any CPU = Debug|Any CPU
		Release|Any CPU = Release|Any CPU
	EndGlobalSection
	GlobalSection(ProjectConfigurationPlatforms) = postSolution
		{E78DE79A-68BC-44A6-9EA6-D7F537DAFA7E}.Debug|Any CPU.ActiveCfg = Debug|Any CPU
		{E78DE79A-68BC-44A6-9EA6-D7F537DAFA7E}.Debug|Any CPU.Build.0 = Debug|Any CPU
		{E78DE79A-68BC-44A6-9EA6-D7F537DAFA7E}.Release|Any CPU.ActiveCfg = Release|Any CPU
		{E78DE79A-68BC-44A6-9EA6-D7F537DAFA7E}.Release|Any CPU.Build.0 = Release|Any CPU
	EndGlobalSection
	GlobalSection(SolutionProperties) = preSolution
		HideSolutionNode = FALSE
	EndGlobalSection
	GlobalSection(ExtensibilityGlobals) = postSolution
		SolutionGuid = {44A1FFB3-8975-443C-99A2-BDC0EFE1B559}
	EndGlobalSection
EndGlobal
