
Microsoft Visual Studio Solution File, Format Version 12.00
# Visual Studio Version 17
VisualStudioVersion = 17.9.34728.123
MinimumVisualStudioVersion = 10.0.40219.1
Project("{FAE04EC0-301F-11D3-BF4B-00C04F79EFBC}") = "Bai80", "Bai80\Bai80.csproj", "{A9406095-9811-4B4F-8331-4CD606F44A39}"
EndProject
Global
	GlobalSection(SolutionConfigurationPlatforms) = preSolution
		Debug|Any CPU = Debug|Any CPU
		Release|Any CPU = Release|Any CPU
	EndGlobalSection
	GlobalSection(ProjectConfigurationPlatforms) = postSolution
		{A9406095-9811-4B4F-8331-4CD606F44A39}.Debug|Any CPU.ActiveCfg = Debug|Any CPU
		{A9406095-9811-4B4F-8331-4CD606F44A39}.Debug|Any CPU.Build.0 = Debug|Any CPU
		{A9406095-9811-4B4F-8331-4CD606F44A39}.Release|Any CPU.ActiveCfg = Release|Any CPU
		{A9406095-9811-4B4F-8331-4CD606F44A39}.Release|Any CPU.Build.0 = Release|Any CPU
	EndGlobalSection
	GlobalSection(SolutionProperties) = preSolution
		HideSolutionNode = FALSE
	EndGlobalSection
	GlobalSection(ExtensibilityGlobals) = postSolution
		SolutionGuid = {8F7E7F82-5C4E-4E8C-99DE-145E032EBBB6}
	EndGlobalSection
EndGlobal
