
Microsoft Visual Studio Solution File, Format Version 12.00
# Visual Studio Version 17
VisualStudioVersion = 17.9.34728.123
MinimumVisualStudioVersion = 10.0.40219.1
Project("{FAE04EC0-301F-11D3-BF4B-00C04F79EFBC}") = "Bai77", "Bai77\Bai77.csproj", "{88AC7983-A126-4B16-9B22-EF8BBBBEC2A9}"
EndProject
Global
	GlobalSection(SolutionConfigurationPlatforms) = preSolution
		Debug|Any CPU = Debug|Any CPU
		Release|Any CPU = Release|Any CPU
	EndGlobalSection
	GlobalSection(ProjectConfigurationPlatforms) = postSolution
		{88AC7983-A126-4B16-9B22-EF8BBBBEC2A9}.Debug|Any CPU.ActiveCfg = Debug|Any CPU
		{88AC7983-A126-4B16-9B22-EF8BBBBEC2A9}.Debug|Any CPU.Build.0 = Debug|Any CPU
		{88AC7983-A126-4B16-9B22-EF8BBBBEC2A9}.Release|Any CPU.ActiveCfg = Release|Any CPU
		{88AC7983-A126-4B16-9B22-EF8BBBBEC2A9}.Release|Any CPU.Build.0 = Release|Any CPU
	EndGlobalSection
	GlobalSection(SolutionProperties) = preSolution
		HideSolutionNode = FALSE
	EndGlobalSection
	GlobalSection(ExtensibilityGlobals) = postSolution
		SolutionGuid = {561BD75B-2AD2-4560-AF70-4A80871DF461}
	EndGlobalSection
EndGlobal
