
Microsoft Visual Studio Solution File, Format Version 12.00
# Visual Studio Version 17
VisualStudioVersion = 17.9.34728.123
MinimumVisualStudioVersion = 10.0.40219.1
Project("{FAE04EC0-301F-11D3-BF4B-00C04F79EFBC}") = "Bai32", "Bai32\Bai32.csproj", "{257A933E-E59C-49E7-84AF-7057421DAC40}"
EndProject
Global
	GlobalSection(SolutionConfigurationPlatforms) = preSolution
		Debug|Any CPU = Debug|Any CPU
		Release|Any CPU = Release|Any CPU
	EndGlobalSection
	GlobalSection(ProjectConfigurationPlatforms) = postSolution
		{257A933E-E59C-49E7-84AF-7057421DAC40}.Debug|Any CPU.ActiveCfg = Debug|Any CPU
		{257A933E-E59C-49E7-84AF-7057421DAC40}.Debug|Any CPU.Build.0 = Debug|Any CPU
		{257A933E-E59C-49E7-84AF-7057421DAC40}.Release|Any CPU.ActiveCfg = Release|Any CPU
		{257A933E-E59C-49E7-84AF-7057421DAC40}.Release|Any CPU.Build.0 = Release|Any CPU
	EndGlobalSection
	GlobalSection(SolutionProperties) = preSolution
		HideSolutionNode = FALSE
	EndGlobalSection
	GlobalSection(ExtensibilityGlobals) = postSolution
		SolutionGuid = {7D51B42D-1341-464E-BA9F-05AB419D683D}
	EndGlobalSection
EndGlobal
