
Microsoft Visual Studio Solution File, Format Version 12.00
# Visual Studio Version 17
VisualStudioVersion = 17.9.34728.123
MinimumVisualStudioVersion = 10.0.40219.1
Project("{FAE04EC0-301F-11D3-BF4B-00C04F79EFBC}") = "Bai4", "Bai4\Bai4.csproj", "{9937DCB8-2098-4115-B191-6396AA15F59F}"
EndProject
Global
	GlobalSection(SolutionConfigurationPlatforms) = preSolution
		Debug|Any CPU = Debug|Any CPU
		Release|Any CPU = Release|Any CPU
	EndGlobalSection
	GlobalSection(ProjectConfigurationPlatforms) = postSolution
		{9937DCB8-2098-4115-B191-6396AA15F59F}.Debug|Any CPU.ActiveCfg = Debug|Any CPU
		{9937DCB8-2098-4115-B191-6396AA15F59F}.Debug|Any CPU.Build.0 = Debug|Any CPU
		{9937DCB8-2098-4115-B191-6396AA15F59F}.Release|Any CPU.ActiveCfg = Release|Any CPU
		{9937DCB8-2098-4115-B191-6396AA15F59F}.Release|Any CPU.Build.0 = Release|Any CPU
	EndGlobalSection
	GlobalSection(SolutionProperties) = preSolution
		HideSolutionNode = FALSE
	EndGlobalSection
	GlobalSection(ExtensibilityGlobals) = postSolution
		SolutionGuid = {6ABD5C5F-C8E6-4526-8491-C8E2D652F49F}
	EndGlobalSection
EndGlobal
