
Microsoft Visual Studio Solution File, Format Version 12.00
# Visual Studio Version 17
VisualStudioVersion = 17.9.34728.123
MinimumVisualStudioVersion = 10.0.40219.1
Project("{FAE04EC0-301F-11D3-BF4B-00C04F79EFBC}") = "Bai97", "Bai97\Bai97.csproj", "{AA5AEC39-FDA0-4E98-8409-F536C151B484}"
EndProject
Global
	GlobalSection(SolutionConfigurationPlatforms) = preSolution
		Debug|Any CPU = Debug|Any CPU
		Release|Any CPU = Release|Any CPU
	EndGlobalSection
	GlobalSection(ProjectConfigurationPlatforms) = postSolution
		{AA5AEC39-FDA0-4E98-8409-F536C151B484}.Debug|Any CPU.ActiveCfg = Debug|Any CPU
		{AA5AEC39-FDA0-4E98-8409-F536C151B484}.Debug|Any CPU.Build.0 = Debug|Any CPU
		{AA5AEC39-FDA0-4E98-8409-F536C151B484}.Release|Any CPU.ActiveCfg = Release|Any CPU
		{AA5AEC39-FDA0-4E98-8409-F536C151B484}.Release|Any CPU.Build.0 = Release|Any CPU
	EndGlobalSection
	GlobalSection(SolutionProperties) = preSolution
		HideSolutionNode = FALSE
	EndGlobalSection
	GlobalSection(ExtensibilityGlobals) = postSolution
		SolutionGuid = {EBD1AF11-E939-4A61-BF3D-45EBC9FDBA23}
	EndGlobalSection
EndGlobal
