
Microsoft Visual Studio Solution File, Format Version 12.00
# Visual Studio Version 17
VisualStudioVersion = 17.9.34728.123
MinimumVisualStudioVersion = 10.0.40219.1
Project("{FAE04EC0-301F-11D3-BF4B-00C04F79EFBC}") = "Bai47", "Bai47\Bai47.csproj", "{39D59BBC-025C-4881-93DA-08169F725DED}"
EndProject
Global
	GlobalSection(SolutionConfigurationPlatforms) = preSolution
		Debug|Any CPU = Debug|Any CPU
		Release|Any CPU = Release|Any CPU
	EndGlobalSection
	GlobalSection(ProjectConfigurationPlatforms) = postSolution
		{39D59BBC-025C-4881-93DA-08169F725DED}.Debug|Any CPU.ActiveCfg = Debug|Any CPU
		{39D59BBC-025C-4881-93DA-08169F725DED}.Debug|Any CPU.Build.0 = Debug|Any CPU
		{39D59BBC-025C-4881-93DA-08169F725DED}.Release|Any CPU.ActiveCfg = Release|Any CPU
		{39D59BBC-025C-4881-93DA-08169F725DED}.Release|Any CPU.Build.0 = Release|Any CPU
	EndGlobalSection
	GlobalSection(SolutionProperties) = preSolution
		HideSolutionNode = FALSE
	EndGlobalSection
	GlobalSection(ExtensibilityGlobals) = postSolution
		SolutionGuid = {01488B7F-2F3F-4010-9409-3B046E3CC3C8}
	EndGlobalSection
EndGlobal
