
Microsoft Visual Studio Solution File, Format Version 12.00
# Visual Studio Version 17
VisualStudioVersion = 17.9.34728.123
MinimumVisualStudioVersion = 10.0.40219.1
Project("{FAE04EC0-301F-11D3-BF4B-00C04F79EFBC}") = "Bai103", "Bai103\Bai103.csproj", "{A569C59C-56B5-4B6B-AECF-C85954CEF34F}"
EndProject
Global
	GlobalSection(SolutionConfigurationPlatforms) = preSolution
		Debug|Any CPU = Debug|Any CPU
		Release|Any CPU = Release|Any CPU
	EndGlobalSection
	GlobalSection(ProjectConfigurationPlatforms) = postSolution
		{A569C59C-56B5-4B6B-AECF-C85954CEF34F}.Debug|Any CPU.ActiveCfg = Debug|Any CPU
		{A569C59C-56B5-4B6B-AECF-C85954CEF34F}.Debug|Any CPU.Build.0 = Debug|Any CPU
		{A569C59C-56B5-4B6B-AECF-C85954CEF34F}.Release|Any CPU.ActiveCfg = Release|Any CPU
		{A569C59C-56B5-4B6B-AECF-C85954CEF34F}.Release|Any CPU.Build.0 = Release|Any CPU
	EndGlobalSection
	GlobalSection(SolutionProperties) = preSolution
		HideSolutionNode = FALSE
	EndGlobalSection
	GlobalSection(ExtensibilityGlobals) = postSolution
		SolutionGuid = {F8275658-FED6-4970-BA37-335FB7369478}
	EndGlobalSection
EndGlobal
