
Microsoft Visual Studio Solution File, Format Version 12.00
# Visual Studio Version 17
VisualStudioVersion = 17.9.34728.123
MinimumVisualStudioVersion = 10.0.40219.1
Project("{FAE04EC0-301F-11D3-BF4B-00C04F79EFBC}") = "Bai15", "Bai15\Bai15.csproj", "{0BA23564-43E3-4C7D-B0DD-7CBD53FF4EDA}"
EndProject
Global
	GlobalSection(SolutionConfigurationPlatforms) = preSolution
		Debug|Any CPU = Debug|Any CPU
		Release|Any CPU = Release|Any CPU
	EndGlobalSection
	GlobalSection(ProjectConfigurationPlatforms) = postSolution
		{0BA23564-43E3-4C7D-B0DD-7CBD53FF4EDA}.Debug|Any CPU.ActiveCfg = Debug|Any CPU
		{0BA23564-43E3-4C7D-B0DD-7CBD53FF4EDA}.Debug|Any CPU.Build.0 = Debug|Any CPU
		{0BA23564-43E3-4C7D-B0DD-7CBD53FF4EDA}.Release|Any CPU.ActiveCfg = Release|Any CPU
		{0BA23564-43E3-4C7D-B0DD-7CBD53FF4EDA}.Release|Any CPU.Build.0 = Release|Any CPU
	EndGlobalSection
	GlobalSection(SolutionProperties) = preSolution
		HideSolutionNode = FALSE
	EndGlobalSection
	GlobalSection(ExtensibilityGlobals) = postSolution
		SolutionGuid = {AEB9146C-84F1-455E-A210-8DC696B10189}
	EndGlobalSection
EndGlobal
