
Microsoft Visual Studio Solution File, Format Version 12.00
# Visual Studio Version 17
VisualStudioVersion = 17.9.34728.123
MinimumVisualStudioVersion = 10.0.40219.1
Project("{FAE04EC0-301F-11D3-BF4B-00C04F79EFBC}") = "Bai29", "Bai29\Bai29.csproj", "{ACCAA115-6E80-4D8A-A8A3-8AE393A03C07}"
EndProject
Global
	GlobalSection(SolutionConfigurationPlatforms) = preSolution
		Debug|Any CPU = Debug|Any CPU
		Release|Any CPU = Release|Any CPU
	EndGlobalSection
	GlobalSection(ProjectConfigurationPlatforms) = postSolution
		{ACCAA115-6E80-4D8A-A8A3-8AE393A03C07}.Debug|Any CPU.ActiveCfg = Debug|Any CPU
		{ACCAA115-6E80-4D8A-A8A3-8AE393A03C07}.Debug|Any CPU.Build.0 = Debug|Any CPU
		{ACCAA115-6E80-4D8A-A8A3-8AE393A03C07}.Release|Any CPU.ActiveCfg = Release|Any CPU
		{ACCAA115-6E80-4D8A-A8A3-8AE393A03C07}.Release|Any CPU.Build.0 = Release|Any CPU
	EndGlobalSection
	GlobalSection(SolutionProperties) = preSolution
		HideSolutionNode = FALSE
	EndGlobalSection
	GlobalSection(ExtensibilityGlobals) = postSolution
		SolutionGuid = {628BF3A1-AEEC-4778-8FA4-19010198A3E8}
	EndGlobalSection
EndGlobal
