
Microsoft Visual Studio Solution File, Format Version 12.00
# Visual Studio Version 17
VisualStudioVersion = 17.9.34728.123
MinimumVisualStudioVersion = 10.0.40219.1
Project("{FAE04EC0-301F-11D3-BF4B-00C04F79EFBC}") = "Bai73", "Bai73\Bai73.csproj", "{1C80483C-A254-4731-A2E1-C808B70F7334}"
EndProject
Global
	GlobalSection(SolutionConfigurationPlatforms) = preSolution
		Debug|Any CPU = Debug|Any CPU
		Release|Any CPU = Release|Any CPU
	EndGlobalSection
	GlobalSection(ProjectConfigurationPlatforms) = postSolution
		{1C80483C-A254-4731-A2E1-C808B70F7334}.Debug|Any CPU.ActiveCfg = Debug|Any CPU
		{1C80483C-A254-4731-A2E1-C808B70F7334}.Debug|Any CPU.Build.0 = Debug|Any CPU
		{1C80483C-A254-4731-A2E1-C808B70F7334}.Release|Any CPU.ActiveCfg = Release|Any CPU
		{1C80483C-A254-4731-A2E1-C808B70F7334}.Release|Any CPU.Build.0 = Release|Any CPU
	EndGlobalSection
	GlobalSection(SolutionProperties) = preSolution
		HideSolutionNode = FALSE
	EndGlobalSection
	GlobalSection(ExtensibilityGlobals) = postSolution
		SolutionGuid = {F8B6D64D-FA86-43B6-97D0-A733D0BD888C}
	EndGlobalSection
EndGlobal
