
Microsoft Visual Studio Solution File, Format Version 12.00
# Visual Studio Version 17
VisualStudioVersion = 17.9.34728.123
MinimumVisualStudioVersion = 10.0.40219.1
Project("{FAE04EC0-301F-11D3-BF4B-00C04F79EFBC}") = "Bai88", "Bai88\Bai88.csproj", "{5749DAD0-EEAC-4ABB-A1B3-0A4DD94B74C3}"
EndProject
Global
	GlobalSection(SolutionConfigurationPlatforms) = preSolution
		Debug|Any CPU = Debug|Any CPU
		Release|Any CPU = Release|Any CPU
	EndGlobalSection
	GlobalSection(ProjectConfigurationPlatforms) = postSolution
		{5749DAD0-EEAC-4ABB-A1B3-0A4DD94B74C3}.Debug|Any CPU.ActiveCfg = Debug|Any CPU
		{5749DAD0-EEAC-4ABB-A1B3-0A4DD94B74C3}.Debug|Any CPU.Build.0 = Debug|Any CPU
		{5749DAD0-EEAC-4ABB-A1B3-0A4DD94B74C3}.Release|Any CPU.ActiveCfg = Release|Any CPU
		{5749DAD0-EEAC-4ABB-A1B3-0A4DD94B74C3}.Release|Any CPU.Build.0 = Release|Any CPU
	EndGlobalSection
	GlobalSection(SolutionProperties) = preSolution
		HideSolutionNode = FALSE
	EndGlobalSection
	GlobalSection(ExtensibilityGlobals) = postSolution
		SolutionGuid = {F5E9ED97-7868-418B-A3AD-87A0C8521E7D}
	EndGlobalSection
EndGlobal
