
Microsoft Visual Studio Solution File, Format Version 12.00
# Visual Studio Version 17
VisualStudioVersion = 17.9.34728.123
MinimumVisualStudioVersion = 10.0.40219.1
Project("{FAE04EC0-301F-11D3-BF4B-00C04F79EFBC}") = "bai8", "bai8\bai8.csproj", "{9C86E918-6466-439E-A43F-23CBD7B298DC}"
EndProject
Global
	GlobalSection(SolutionConfigurationPlatforms) = preSolution
		Debug|Any CPU = Debug|Any CPU
		Release|Any CPU = Release|Any CPU
	EndGlobalSection
	GlobalSection(ProjectConfigurationPlatforms) = postSolution
		{9C86E918-6466-439E-A43F-23CBD7B298DC}.Debug|Any CPU.ActiveCfg = Debug|Any CPU
		{9C86E918-6466-439E-A43F-23CBD7B298DC}.Debug|Any CPU.Build.0 = Debug|Any CPU
		{9C86E918-6466-439E-A43F-23CBD7B298DC}.Release|Any CPU.ActiveCfg = Release|Any CPU
		{9C86E918-6466-439E-A43F-23CBD7B298DC}.Release|Any CPU.Build.0 = Release|Any CPU
	EndGlobalSection
	GlobalSection(SolutionProperties) = preSolution
		HideSolutionNode = FALSE
	EndGlobalSection
	GlobalSection(ExtensibilityGlobals) = postSolution
		SolutionGuid = {7AFBEA4C-503D-437B-8108-3A7C9DB94DB1}
	EndGlobalSection
EndGlobal
