
Microsoft Visual Studio Solution File, Format Version 12.00
# Visual Studio Version 17
VisualStudioVersion = 17.9.34728.123
MinimumVisualStudioVersion = 10.0.40219.1
Project("{FAE04EC0-301F-11D3-BF4B-00C04F79EFBC}") = "Bai67", "Bai67\Bai67.csproj", "{E3C51A87-0D90-42F8-AC85-57A4AE6CCA32}"
EndProject
Global
	GlobalSection(SolutionConfigurationPlatforms) = preSolution
		Debug|Any CPU = Debug|Any CPU
		Release|Any CPU = Release|Any CPU
	EndGlobalSection
	GlobalSection(ProjectConfigurationPlatforms) = postSolution
		{E3C51A87-0D90-42F8-AC85-57A4AE6CCA32}.Debug|Any CPU.ActiveCfg = Debug|Any CPU
		{E3C51A87-0D90-42F8-AC85-57A4AE6CCA32}.Debug|Any CPU.Build.0 = Debug|Any CPU
		{E3C51A87-0D90-42F8-AC85-57A4AE6CCA32}.Release|Any CPU.ActiveCfg = Release|Any CPU
		{E3C51A87-0D90-42F8-AC85-57A4AE6CCA32}.Release|Any CPU.Build.0 = Release|Any CPU
	EndGlobalSection
	GlobalSection(SolutionProperties) = preSolution
		HideSolutionNode = FALSE
	EndGlobalSection
	GlobalSection(ExtensibilityGlobals) = postSolution
		SolutionGuid = {7155347D-8906-4C2D-96F1-E5099E268349}
	EndGlobalSection
EndGlobal
